github.com/go-nokogiri/nokogiri v0.1.0 h1:3Q3BewGHK16Bt34ggJeyf9xeIMJyA3dmfbIxARPgR9U=
github.com/go-nokogiri/nokogiri v0.1.0/go.mod h1:zjghooYIK8Xfg+fL4/OUhROslx51xGsM3JKtB2TI0tg=
golang.org/x/net v0.57.0 h1:K5+3DljvIuDG9/Jv9rvyMywYNFCQ9RSUY6OOTTkT+tE=
golang.org/x/net v0.57.0/go.mod h1:KpXc8iv+r3XplLAG/f7Jsf9RPszJzdR0f58q9vGOuEU=
